
Microsoft Visual Studio Solution File, Format Version 12.00
# Visual Studio Version 17
VisualStudioVersion = 17.3.32901.215
MinimumVisualStudioVersion = 10.0.40219.1
Project("{8BC9CEB8-8B4A-11D0-8D11-00A0C91BC942}") = "PySpout", "PySpout.vcxproj", "{D3448117-9104-43D7-8AA7-0AA7767B8807}"
EndProject
Project("{8BC9CEB8-8B4A-11D0-8D11-00A0C91BC942}") = "SpoutSDK", "Spout2\SPOUTSDK\SpoutGL\VS2022\SpoutSDK.vcxproj", "{62631E0D-AB94-4E97-AF8B-63E7E108C30E}"
EndProject
Global
	GlobalSection(SolutionConfigurationPlatforms) = preSolution
		Debug|x64 = Debug|x64
		Debug|x86 = Debug|x86
		Release|x64 = Release|x64
		Release|x86 = Release|x86
	EndGlobalSection
	GlobalSection(ProjectConfigurationPlatforms) = postSolution
		{D3448117-9104-43D7-8AA7-0AA7767B8807}.Debug|x64.ActiveCfg = Debug|x64
		{D3448117-9104-43D7-8AA7-0AA7767B8807}.Debug|x64.Build.0 = Debug|x64
		{D3448117-9104-43D7-8AA7-0AA7767B8807}.Debug|x86.ActiveCfg = Debug|Win32
		{D3448117-9104-43D7-8AA7-0AA7767B8807}.Debug|x86.Build.0 = Debug|Win32
		{D3448117-9104-43D7-8AA7-0AA7767B8807}.Release|x64.ActiveCfg = Release|x64
		{D3448117-9104-43D7-8AA7-0AA7767B8807}.Release|x64.Build.0 = Release|x64
		{D3448117-9104-43D7-8AA7-0AA7767B8807}.Release|x86.ActiveCfg = Release|Win32
		{D3448117-9104-43D7-8AA7-0AA7767B8807}.Release|x86.Build.0 = Release|Win32
		{62631E0D-AB94-4E97-AF8B-63E7E108C30E}.Debug|x64.ActiveCfg = Debug|x64
		{62631E0D-AB94-4E97-AF8B-63E7E108C30E}.Debug|x64.Build.0 = Debug|x64
		{62631E0D-AB94-4E97-AF8B-63E7E108C30E}.Debug|x86.ActiveCfg = Debug|Win32
		{62631E0D-AB94-4E97-AF8B-63E7E108C30E}.Debug|x86.Build.0 = Debug|Win32
		{62631E0D-AB94-4E97-AF8B-63E7E108C30E}.Release|x64.ActiveCfg = Release|x64
		{62631E0D-AB94-4E97-AF8B-63E7E108C30E}.Release|x64.Build.0 = Release|x64
		{62631E0D-AB94-4E97-AF8B-63E7E108C30E}.Release|x86.ActiveCfg = Release|Win32
		{62631E0D-AB94-4E97-AF8B-63E7E108C30E}.Release|x86.Build.0 = Release|Win32
	EndGlobalSection
	GlobalSection(SolutionProperties) = preSolution
		HideSolutionNode = FALSE
	EndGlobalSection
	GlobalSection(ExtensibilityGlobals) = postSolution
		SolutionGuid = {09265A14-36FD-473B-9712-CC19DE6F837F}
	EndGlobalSection
EndGlobal
